// !$*UTF8*$!
{
	archiveVersion = 1;
	classes = {
	};
	objectVersion = 46;
	objects = {

/* Begin PBXBuildFile section */
		7C49FBF61E3148BA00989D51 /* AppDelegate.swift in Sources */ = {isa = PBXBuildFile; fileRef = 7C49FBF51E3148BA00989D51 /* AppDelegate.swift */; };
		7C49FBF81E3148BA00989D51 /* ViewController.swift in Sources */ = {isa = PBXBuildFile; fileRef = 7C49FBF71E3148BA00989D51 /* ViewController.swift */; };
		7C49FBFB1E3148BA00989D51 /* Main.storyboard in Resources */ = {isa = PBXBuildFile; fileRef = 7C49FBF91E3148BA00989D51 /* Main.storyboard */; };
		7C49FBFD1E3148BA00989D51 /* Assets.xcassets in Resources */ = {isa = PBXBuildFile; fileRef = 7C49FBFC1E3148BA00989D51 /* Assets.xcassets */; };
		7C49FC001E3148BA00989D51 /* LaunchScreen.storyboard in Resources */ = {isa = PBXBuildFile; fileRef = 7C49FBFE1E3148BA00989D51 /* LaunchScreen.storyboard */; };
		7C49FC0A1E31495000989D51 /* ModelCalc.swift in Sources */ = {isa = PBXBuildFile; fileRef = 7C49FC091E31495000989D51 /* ModelCalc.swift */; };
/* End PBXBuildFile section */

/* Begin PBXFileReference section */
		7C49FBF21E3148BA00989D51 /* calculator.app */ = {isa = PBXFileReference; explicitFileType = wrapper.application; includeInIndex = 0; path = calculator.app; sourceTree = BUILT_PRODUCTS_DIR; };
		7C49FBF51E3148BA00989D51 /* AppDelegate.swift */ = {isa = PBXFileReference; lastKnownFileType = sourcecode.swift; path = AppDelegate.swift; sourceTree = "<group>"; };
		7C49FBF71E3148BA00989D51 /* ViewController.swift */ = {isa = PBXFileReference; lastKnownFileType = sourcecode.swift; path = ViewController.swift; sourceTree = "<group>"; };
		7C49FBFA1E3148BA00989D51 /* Base */ = {isa = PBXFileReference; lastKnownFileType = file.storyboard; name = Base; path = Base.lproj/Main.storyboard; sourceTree = "<group>"; };
		7C49FBFC1E3148BA00989D51 /* Assets.xcassets */ = {isa = PBXFileReference; lastKnownFileType = folder.assetcatalog; path = Assets.xcassets; sourceTree = "<group>"; };
		7C49FBFF1E3148BA00989D51 /* Base */ = {isa = PBXFileReference; lastKnownFileType = file.storyboard; name = Base; path = Base.lproj/LaunchScreen.storyboard; sourceTree = "<group>"; };
		7C49FC011E3148BA00989D51 /* Info.plist */ = {isa = PBXFileReference; lastKnownFileType = text.plist.xml; path = Info.plist; sourceTree = "<group>"; };
		7C49FC091E31495000989D51 /* ModelCalc.swift */ = {isa = PBXFileReference; fileEncoding = 4; lastKnownFileType = sourcecode.swift; path = ModelCalc.swift; sourceTree = "<group>"; };
/* End PBXFileReference section */

/* Begin PBXFrameworksBuildPhase section */
		7C49FBEF1E3148BA00989D51 /* Frameworks */ = {
			isa = PBXFrameworksBuildPhase;
			buildActionMask = 2147483647;
			files = (
			);
			runOnlyForDeploymentPostprocessing = 0;
		};
/* End PBXFrameworksBuildPhase section */

/* Begin PBXGroup section */
		7C49FBE91E3148BA00989D51 = {
			isa = PBXGroup;
			children = (
				7C49FBF41E3148BA00989D51 /* calculator */,
				7C49FBF31E3148BA00989D51 /* Products */,
			);
			sourceTree = "<group>";
		};
		7C49FBF31E3148BA00989D51 /* Products */ = {
			isa = PBXGroup;
			children = (
				7C49FBF21E3148BA00989D51 /* calculator.app */,
			);
			name = Products;
			sourceTree = "<group>";
		};
		7C49FBF41E3148BA00989D51 /* calculator */ = {
			isa = PBXGroup;
			children = (
				7C49FC081E31492300989D51 /* other file */,
				7C49FBF71E3148BA00989D51 /* ViewController.swift */,
				7C49FC091E31495000989D51 /* ModelCalc.swift */,
				7C49FBF91E3148BA00989D51 /* Main.storyboard */,
			);
			path = calculator;
			sourceTree = "<group>";
		};
		7C49FC081E31492300989D51 /* other file */ = {
			isa = PBXGroup;
			children = (
				7C49FBF51E3148BA00989D51 /* AppDelegate.swift */,
				7C49FBFC1E3148BA00989D51 /* Assets.xcassets */,
				7C49FBFE1E3148BA00989D51 /* LaunchScreen.storyboard */,
				7C49FC011E3148BA00989D51 /* Info.plist */,
			);
			name = "other file";
			sourceTree = "<group>";
		};
/* End PBXGroup section */

/* Begin PBXNativeTarget section */
		7C49FBF11E3148BA00989D51 /* calculator */ = {
			isa = PBXNativeTarget;
			buildConfigurationList = 7C49FC041E3148BA00989D51 /* Build configuration list for PBXNativeTarget "calculator" */;
			buildPhases = (
				7C49FBEE1E3148BA00989D51 /* Sources */,
				7C49FBEF1E3148BA00989D51 /* Frameworks */,
				7C49FBF01E3148BA00989D51 /* Resources */,
			);
			buildRules = (
			);
			dependencies = (
			);
			name = calculator;
			productName = calculator;
			productReference = 7C49FBF21E3148BA00989D51 /* calculator.app */;
			productType = "com.apple.product-type.application";
		};
/* End PBXNativeTarget section */

/* Begin PBXProject section */
		7C49FBEA1E3148BA00989D51 /* Project object */ = {
			isa = PBXProject;
			attributes = {
				LastSwiftUpdateCheck = 0820;
				LastUpgradeCheck = 0820;
				ORGANIZATIONNAME = Oleg.Myatlikov;
				TargetAttributes = {
					7C49FBF11E3148BA00989D51 = {
						CreatedOnToolsVersion = 8.2.1;
						DevelopmentTeam = 6AQZBGCW24;
						ProvisioningStyle = Automatic;
					};
				};
			};
			buildConfigurationList = 7C49FBED1E3148BA00989D51 /* Build configuration list for PBXProject "calculator" */;
			compatibilityVersion = "Xcode 3.2";
			developmentRegion = English;
			hasScannedForEncodings = 0;
			knownRegions = (
				en,
				Base,
			);
			mainGroup = 7C49FBE91E3148BA00989D51;
			productRefGroup = 7C49FBF31E3148BA00989D51 /* Products */;
			projectDirPath = "";
			projectRoot = "";
			targets = (
				7C49FBF11E3148BA00989D51 /* calculator */,
			);
		};
/* End PBXProject section */

/* Begin PBXResourcesBuildPhase section */
		7C49FBF01E3148BA00989D51 /* Resources */ = {
			isa = PBXResourcesBuildPhase;
			buildActionMask = 2147483647;
			files = (
				7C49FC001E3148BA00989D51 /* LaunchScreen.storyboard in Resources */,
				7C49FBFD1E3148BA00989D51 /* Assets.xcassets in Resources */,
				7C49FBFB1E3148BA00989D51 /* Main.storyboard in Resources */,
			);
			runOnlyForDeploymentPostprocessing = 0;
		};
/* End PBXResourcesBuildPhase section */

/* Begin PBXSourcesBuildPhase section */
		7C49FBEE1E3148BA00989D51 /* Sources */ = {
			isa = PBXSourcesBuildPhase;
			buildActionMask = 2147483647;
			files = (
				7C49FBF81E3148BA00989D51 /* ViewController.swift in Sources */,
				7C49FC0A1E31495000989D51 /* ModelCalc.swift in Sources */,
				7C49FBF61E3148BA00989D51 /* AppDelegate.swift in Sources */,
			);
			runOnlyForDeploymentPostprocessing = 0;
		};
/* End PBXSourcesBuildPhase section */

/* Begin PBXVariantGroup section */
		7C49FBF91E3148BA00989D51 /* Main.storyboard */ = {
			isa = PBXVariantGroup;
			children = (
				7C49FBFA1E3148BA00989D51 /* Base */,
			);
			name = Main.storyboard;
			sourceTree = "<group>";
		};
		7C49FBFE1E3148BA00989D51 /* LaunchScreen.storyboard */ = {
			isa = PBXVariantGroup;
			children = (
				7C49FBFF1E3148BA00989D51 /* Base */,
			);
			name = LaunchScreen.storyboard;
			sourceTree = "<group>";
		};
/* End PBXVariantGroup section */

/* Begin XCBuildConfiguration section */
		7C49FC021E3148BA00989D51 /* Debug */ = {
			isa = XCBuildConfiguration;
			buildSettings = {
				ALWAYS_SEARCH_USER_PATHS = NO;
				CLANG_ANALYZER_NONNULL = YES;
				CLANG_CXX_LANGUAGE_STANDARD = "gnu++0x";
				CLANG_CXX_LIBRARY = "libc++";
				CLANG_ENABLE_MODULES = YES;
				CLANG_ENABLE_OBJC_ARC = YES;
				CLANG_WARN_BOOL_CONVERSION = YES;
				CLANG_WARN_CONSTANT_CONVERSION = YES;
				CLANG_WARN_DIRECT_OBJC_ISA_USAGE = YES_ERROR;
				CLANG_WARN_DOCUMENTATION_COMMENTS = YES;
				CLANG_WARN_EMPTY_BODY = YES;
				CLANG_WARN_ENUM_CONVERSION = YES;
				CLANG_WARN_INFINITE_RECURSION = YES;
				CLANG_WARN_INT_CONVERSION = YES;
				CLANG_WARN_OBJC_ROOT_CLASS = YES_ERROR;
				CLANG_WARN_SUSPICIOUS_MOVE = YES;
				CLANG_WARN_UNREACHABLE_CODE = YES;
				CLANG_WARN__DUPLICATE_METHOD_MATCH = YES;
				"CODE_SIGN_IDENTITY[sdk=iphoneos*]" = "iPhone Developer";
				COPY_PHASE_STRIP = NO;
				DEBUG_INFORMATION_FORMAT = dwarf;
				ENABLE_STRICT_OBJC_MSGSEND = YES;
				ENABLE_TESTABILITY = YES;
				GCC_C_LANGUAGE_STANDARD = gnu99;
				GCC_DYNAMIC_NO_PIC = NO;
				GCC_NO_COMMON_BLOCKS = YES;
				GCC_OPTIMIZATION_LEVEL = 0;
				GCC_PREPROCESSOR_DEFINITIONS = (
					"DEBUG=1",
					"$(inherited)",
				);
				GCC_WARN_64_TO_32_BIT_CONVERSION = YES;
				GCC_WARN_ABOUT_RETURN_TYPE = YES_ERROR;
				GCC_WARN_UNDECLARED_SELECTOR = YES;
				GCC_WARN_UNINITIALIZED_AUTOS = YES_AGGRESSIVE;
				GCC_WARN_UNUSED_FUNCTION = YES;
				GCC_WARN_UNUSED_VARIABLE = YES;
				IPHONEOS_DEPLOYMENT_TARGET = 10.2;
				MTL_ENABLE_DEBUG_INFO = YES;
				ONLY_ACTIVE_ARCH = YES;
				SDKROOT = iphoneos;
				SWIFT_ACTIVE_COMPILATION_CONDITIONS = DEBUG;
				SWIFT_OPTIMIZATION_LEVEL = "-Onone";
				TARGETED_DEVICE_FAMILY = "1,2";
			};
			name = Debug;
		};
		7C49FC031E3148BA00989D51 /* Release */ = {
			isa = XCBuildConfiguration;
			buildSettings = {
				ALWAYS_SEARCH_USER_PATHS = NO;
				CLANG_ANALYZER_NONNULL = YES;
				CLANG_CXX_LANGUAGE_STANDARD = "gnu++0x";
				CLANG_CXX_LIBRARY = "libc++";
				CLANG_ENABLE_MODULES = YES;
				CLANG_ENABLE_OBJC_ARC = YES;
				CLANG_WARN_BOOL_CONVERSION = YES;
				CLANG_WARN_CONSTANT_CONVERSION = YES;
				CLANG_WARN_DIRECT_OBJC_ISA_USAGE = YES_ERROR;
				CLANG_WARN_DOCUMENTATION_COMMENTS = YES;
				CLANG_WARN_EMPTY_BODY = YES;
				CLANG_WARN_ENUM_CONVERSION = YES;
				CLANG_WARN_INFINITE_RECURSION = YES;
				CLANG_WARN_INT_CONVERSION = YES;
				CLANG_WARN_OBJC_ROOT_CLASS = YES_ERROR;
				CLANG_WARN_SUSPICIOUS_MOVE = YES;
				CLANG_WARN_UNREACHABLE_CODE = YES;
				CLANG_WARN__DUPLICATE_METHOD_MATCH = YES;
				"CODE_SIGN_IDENTITY[sdk=iphoneos*]" = "iPhone Developer";
				COPY_PHASE_STRIP = NO;
				DEBUG_INFORMATION_FORMAT = "dwarf-with-dsym";
				ENABLE_NS_ASSERTIONS = NO;
				ENABLE_STRICT_OBJC_MSGSEND = YES;
				GCC_C_LANGUAGE_STANDARD = gnu99;
				GCC_NO_COMMON_BLOCKS = YES;
				GCC_WARN_64_TO_32_BIT_CONVERSION = YES;
				GCC_WARN_ABOUT_RETURN_TYPE = YES_ERROR;
				GCC_WARN_UNDECLARED_SELECTOR = YES;
				GCC_WARN_UNINITIALIZED_AUTOS = YES_AGGRESSIVE;
				GCC_WARN_UNUSED_FUNCTION = YES;
				GCC_WARN_UNUSED_VARIABLE = YES;
				IPHONEOS_DEPLOYMENT_TARGET = 10.2;
				MTL_ENABLE_DEBUG_INFO = NO;
				SDKROOT = iphoneos;
				SWIFT_OPTIMIZATION_LEVEL = "-Owholemodule";
				TARGETED_DEVICE_FAMILY = "1,2";
				VALIDATE_PRODUCT = YES;
			};
			name = Release;
		};
		7C49FC051E3148BA00989D51 /* Debug */ = {
			isa = XCBuildConfiguration;
			buildSettings = {
				ASSETCATALOG_COMPILER_APPICON_NAME = AppIcon;
				DEVELOPMENT_TEAM = 6AQZBGCW24;
				INFOPLIST_FILE = calculator/Info.plist;
				IPHONEOS_DEPLOYMENT_TARGET = 9.2;
				LD_RUNPATH_SEARCH_PATHS = "$(inherited) @executable_path/Frameworks";
				PRODUCT_BUNDLE_IDENTIFIER = com.olegmyatlikov.calculator;
				PRODUCT_NAME = "$(TARGET_NAME)";
				SWIFT_VERSION = 3.0;
			};
			name = Debug;
		};
		7C49FC061E3148BA00989D51 /* Release */ = {
			isa = XCBuildConfiguration;
			buildSettings = {
				ASSETCATALOG_COMPILER_APPICON_NAME = AppIcon;
				DEVELOPMENT_TEAM = 6AQZBGCW24;
				INFOPLIST_FILE = calculator/Info.plist;
				IPHONEOS_DEPLOYMENT_TARGET = 9.2;
				LD_RUNPATH_SEARCH_PATHS = "$(inherited) @executable_path/Frameworks";
				PRODUCT_BUNDLE_IDENTIFIER = com.olegmyatlikov.calculator;
				PRODUCT_NAME = "$(TARGET_NAME)";
				SWIFT_VERSION = 3.0;
			};
			name = Release;
		};
/* End XCBuildConfiguration section */

/* Begin XCConfigurationList section */
		7C49FBED1E3148BA00989D51 /* Build configuration list for PBXProject "calculator" */ = {
			isa = XCConfigurationList;
			buildConfigurations = (
				7C49FC021E3148BA00989D51 /* Debug */,
				7C49FC031E3148BA00989D51 /* Release */,
			);
			defaultConfigurationIsVisible = 0;
			defaultConfigurationName = Release;
		};
		7C49FC041E3148BA00989D51 /* Build configuration list for PBXNativeTarget "calculator" */ = {
			isa = XCConfigurationList;
			buildConfigurations = (
				7C49FC051E3148BA00989D51 /* Debug */,
				7C49FC061E3148BA00989D51 /* Release */,
			);
			defaultConfigurationIsVisible = 0;
			defaultConfigurationName = Release;
		};
/* End XCConfigurationList section */
	};
	rootObject = 7C49FBEA1E3148BA00989D51 /* Project object */;
}
